PODS:
  - FontAwesomeKit/Core (2.2.0)
  - FontAwesomeKit/IonIcons (2.2.0):
    - FontAwesomeKit/Core
  - MBProgressHUD (0.9)
  - Snap (0.0.2)

DEPENDENCIES:
  - FontAwesomeKit/IonIcons
  - MBProgressHUD
  - Snap (from `https://github.com/Masonry/Snap.git`)

EXTERNAL SOURCES:
  Snap:
    :git: https://github.com/Masonry/Snap.git

CHECKOUT OPTIONS:
  Snap:
    :commit: d9fdc78bfbf22722c94cd0d7c6c126964c7190f1
    :git: https://github.com/Masonry/Snap.git

SPEC CHECKSUMS:
  FontAwesomeKit: 61f0b4f12f1b11b7489bc7d1507a8692547f3857
  MBProgressHUD: 2038dbcf3dce73215abed6001657043d53aa79a8
  Snap: 632b0228072ffe664e973ab42357ff210c56db90

COCOAPODS: 0.36.0.beta.1
