<?xml version="1.0" encoding="UTF-8"?>
<!DOCTYPE plist PUBLIC "-//Apple//DTD PLIST 1.0//EN" "http://www.apple.com/DTDs/PropertyList-1.0.dtd">
<plist version="1.0">
<dict>
	<key>archiveVersion</key>
	<string>1</string>
	<key>classes</key>
	<dict/>
	<key>objectVersion</key>
	<string>46</string>
	<key>objects</key>
	<dict>
		<key>074612EBE5A8389BF5AD51FE</key>
		<dict>
			<key>fileRef</key>
			<string>ED5A5FE3E45A6F5551477B80</string>
			<key>isa</key>
			<string>PBXBuildFile</string>
		</dict>
		<key>38F7FFE8784BCBA373A9ED7F</key>
		<dict>
			<key>children</key>
			<array>
				<string>FCA03AD26B1C63D6FE3F5434</string>
				<string>85FEB4C0874ADA8A532D58DE</string>
			</array>
			<key>isa</key>
			<string>PBXGroup</string>
			<key>name</key>
			<string>Pods</string>
			<key>sourceTree</key>
			<string>&lt;group&gt;</string>
		</dict>
		<key>4D1B63031A63E2460071CFD0</key>
		<dict>
			<key>fileEncoding</key>
			<string>4</string>
			<key>isa</key>
			<string>PBXFileReference</string>
			<key>lastKnownFileType</key>
			<string>file.xib</string>
			<key>path</key>
			<string>LaunchScreen.xib</string>
			<key>sourceTree</key>
			<string>&lt;group&gt;</string>
		</dict>
		<key>4D1B63041A63E2460071CFD0</key>
		<dict>
			<key>fileEncoding</key>
			<string>4</string>
			<key>isa</key>
			<string>PBXFileReference</string>
			<key>lastKnownFileType</key>
			<string>file.storyboard</string>
			<key>path</key>
			<string>Main.storyboard</string>
			<key>sourceTree</key>
			<string>&lt;group&gt;</string>
		</dict>
		<key>4D1B63051A63E2460071CFD0</key>
		<dict>
			<key>fileRef</key>
			<string>4D1B63031A63E2460071CFD0</string>
			<key>isa</key>
			<string>PBXBuildFile</string>
		</dict>
		<key>4D1B63061A63E2460071CFD0</key>
		<dict>
			<key>fileRef</key>
			<string>4D1B63041A63E2460071CFD0</string>
			<key>isa</key>
			<string>PBXBuildFile</string>
		</dict>
		<key>4D1B63081A63E4DB0071CFD0</key>
		<dict>
			<key>children</key>
			<array>
				<string>4D1B630D1A63ECF90071CFD0</string>
				<string>4D1B630F1A63EF680071CFD0</string>
				<string>4D1D422C1A640BF000262EB2</string>
			</array>
			<key>isa</key>
			<string>PBXGroup</string>
			<key>path</key>
			<string>form</string>
			<key>sourceTree</key>
			<string>&lt;group&gt;</string>
		</dict>
		<key>4D1B63091A63E5B00071CFD0</key>
		<dict>
			<key>fileEncoding</key>
			<string>4</string>
			<key>isa</key>
			<string>PBXFileReference</string>
			<key>lastKnownFileType</key>
			<string>sourcecode.swift</string>
			<key>path</key>
			<string>SingleTextFormTableViewController.swift</string>
			<key>sourceTree</key>
			<string>&lt;group&gt;</string>
		</dict>
		<key>4D1B630B1A63E5B00071CFD0</key>
		<dict>
			<key>fileRef</key>
			<string>4D1B63091A63E5B00071CFD0</string>
			<key>isa</key>
			<string>PBXBuildFile</string>
		</dict>
		<key>4D1B630D1A63ECF90071CFD0</key>
		<dict>
			<key>fileEncoding</key>
			<string>4</string>
			<key>isa</key>
			<string>PBXFileReference</string>
			<key>lastKnownFileType</key>
			<string>file.storyboard</string>
			<key>path</key>
			<string>SingleTextForm.storyboard</string>
			<key>sourceTree</key>
			<string>&lt;group&gt;</string>
		</dict>
		<key>4D1B630E1A63ECF90071CFD0</key>
		<dict>
			<key>fileRef</key>
			<string>4D1B630D1A63ECF90071CFD0</string>
			<key>isa</key>
			<string>PBXBuildFile</string>
		</dict>
		<key>4D1B630F1A63EF680071CFD0</key>
		<dict>
			<key>fileEncoding</key>
			<string>4</string>
			<key>isa</key>
			<string>PBXFileReference</string>
			<key>lastKnownFileType</key>
			<string>file.storyboard</string>
			<key>path</key>
			<string>PasswordForm.storyboard</string>
			<key>sourceTree</key>
			<string>&lt;group&gt;</string>
		</dict>
		<key>4D1B63101A63EF680071CFD0</key>
		<dict>
			<key>fileRef</key>
			<string>4D1B630F1A63EF680071CFD0</string>
			<key>isa</key>
			<string>PBXBuildFile</string>
		</dict>
		<key>4D1B63111A63F0130071CFD0</key>
		<dict>
			<key>fileEncoding</key>
			<string>4</string>
			<key>isa</key>
			<string>PBXFileReference</string>
			<key>lastKnownFileType</key>
			<string>sourcecode.swift</string>
			<key>path</key>
			<string>PasswordFormTableViewController.swift</string>
			<key>sourceTree</key>
			<string>&lt;group&gt;</string>
		</dict>
		<key>4D1B63121A63F0130071CFD0</key>
		<dict>
			<key>fileRef</key>
			<string>4D1B63111A63F0130071CFD0</string>
			<key>isa</key>
			<string>PBXBuildFile</string>
		</dict>
		<key>4D1D422A1A640AD100262EB2</key>
		<dict>
			<key>fileEncoding</key>
			<string>4</string>
			<key>isa</key>
			<string>PBXFileReference</string>
			<key>lastKnownFileType</key>
			<string>sourcecode.swift</string>
			<key>path</key>
			<string>EditButtonViewController.swift</string>
			<key>sourceTree</key>
			<string>&lt;group&gt;</string>
		</dict>
		<key>4D1D422B1A640AD100262EB2</key>
		<dict>
			<key>fileRef</key>
			<string>4D1D422A1A640AD100262EB2</string>
			<key>isa</key>
			<string>PBXBuildFile</string>
		</dict>
		<key>4D1D422C1A640BF000262EB2</key>
		<dict>
			<key>fileEncoding</key>
			<string>4</string>
			<key>isa</key>
			<string>PBXFileReference</string>
			<key>lastKnownFileType</key>
			<string>file.storyboard</string>
			<key>path</key>
			<string>EditButton.storyboard</string>
			<key>sourceTree</key>
			<string>&lt;group&gt;</string>
		</dict>
		<key>4D1D422D1A640BF000262EB2</key>
		<dict>
			<key>fileRef</key>
			<string>4D1D422C1A640BF000262EB2</string>
			<key>isa</key>
			<string>PBXBuildFile</string>
		</dict>
		<key>4D1D422E1A640E4E00262EB2</key>
		<dict>
			<key>children</key>
			<array>
				<string>4D1D422F1A640EA100262EB2</string>
			</array>
			<key>isa</key>
			<string>PBXGroup</string>
			<key>path</key>
			<string>common</string>
			<key>sourceTree</key>
			<string>&lt;group&gt;</string>
		</dict>
		<key>4D1D422F1A640EA100262EB2</key>
		<dict>
			<key>fileEncoding</key>
			<string>4</string>
			<key>isa</key>
			<string>PBXFileReference</string>
			<key>lastKnownFileType</key>
			<string>sourcecode.swift</string>
			<key>path</key>
			<string>UITableViewController+SimpleForm.swift</string>
			<key>sourceTree</key>
			<string>&lt;group&gt;</string>
		</dict>
		<key>4D1D42301A640EA100262EB2</key>
		<dict>
			<key>fileRef</key>
			<string>4D1D422F1A640EA100262EB2</string>
			<key>isa</key>
			<string>PBXBuildFile</string>
		</dict>
		<key>4D1DF7141A5C1ED800283CD7</key>
		<dict>
			<key>fileEncoding</key>
			<string>4</string>
			<key>isa</key>
			<string>PBXFileReference</string>
			<key>lastKnownFileType</key>
			<string>sourcecode.swift</string>
			<key>path</key>
			<string>Function.swift</string>
			<key>sourceTree</key>
			<string>&lt;group&gt;</string>
		</dict>
		<key>4D1DF7151A5C1ED800283CD7</key>
		<dict>
			<key>fileRef</key>
			<string>4D1DF7141A5C1ED800283CD7</string>
			<key>isa</key>
			<string>PBXBuildFile</string>
		</dict>
		<key>4D2640CF19FD3C8F00CB4A7F</key>
		<dict>
			<key>children</key>
			<array>
				<string>4D2640DA19FD3C8F00CB4A7F</string>
				<string>4D2640F019FD3C8F00CB4A7F</string>
				<string>4D5A8D341A3C1149002B69A6</string>
				<string>4D2640D919FD3C8F00CB4A7F</string>
				<string>38F7FFE8784BCBA373A9ED7F</string>
				<string>B7137B7817935AD812B3724D</string>
				<string>4DF1E7C31A641C36001A0AD5</string>
			</array>
			<key>isa</key>
			<string>PBXGroup</string>
			<key>sourceTree</key>
			<string>&lt;group&gt;</string>
		</dict>
		<key>4D2640D019FD3C8F00CB4A7F</key>
		<dict>
			<key>attributes</key>
			<dict>
				<key>LastUpgradeCheck</key>
				<string>0610</string>
				<key>ORGANIZATIONNAME</key>
				<string>to4iki</string>
				<key>TargetAttributes</key>
				<dict>
					<key>4D2640D719FD3C8F00CB4A7F</key>
					<dict>
						<key>CreatedOnToolsVersion</key>
						<string>6.1</string>
					</dict>
					<key>4D2640EC19FD3C8F00CB4A7F</key>
					<dict>
						<key>CreatedOnToolsVersion</key>
						<string>6.1</string>
						<key>TestTargetID</key>
						<string>4D2640D719FD3C8F00CB4A7F</string>
					</dict>
				</dict>
			</dict>
			<key>buildConfigurationList</key>
			<string>4D2640D319FD3C8F00CB4A7F</string>
			<key>compatibilityVersion</key>
			<string>Xcode 3.2</string>
			<key>developmentRegion</key>
			<string>English</string>
			<key>hasScannedForEncodings</key>
			<string>0</string>
			<key>isa</key>
			<string>PBXProject</string>
			<key>knownRegions</key>
			<array>
				<string>en</string>
				<string>Base</string>
			</array>
			<key>mainGroup</key>
			<string>4D2640CF19FD3C8F00CB4A7F</string>
			<key>productRefGroup</key>
			<string>4D2640D919FD3C8F00CB4A7F</string>
			<key>projectDirPath</key>
			<string></string>
			<key>projectReferences</key>
			<array>
				<dict>
					<key>ProductGroup</key>
					<string>4D5A8D361A3C117C002B69A6</string>
					<key>ProjectRef</key>
					<string>4D5A8D351A3C117C002B69A6</string>
				</dict>
			</array>
			<key>projectRoot</key>
			<string></string>
			<key>targets</key>
			<array>
				<string>4D2640D719FD3C8F00CB4A7F</string>
				<string>4D2640EC19FD3C8F00CB4A7F</string>
			</array>
		</dict>
		<key>4D2640D319FD3C8F00CB4A7F</key>
		<dict>
			<key>buildConfigurations</key>
			<array>
				<string>4D2640F519FD3C8F00CB4A7F</string>
				<string>4D2640F619FD3C8F00CB4A7F</string>
			</array>
			<key>defaultConfigurationIsVisible</key>
			<string>0</string>
			<key>defaultConfigurationName</key>
			<string>Release</string>
			<key>isa</key>
			<string>XCConfigurationList</string>
		</dict>
		<key>4D2640D419FD3C8F00CB4A7F</key>
		<dict>
			<key>buildActionMask</key>
			<string>2147483647</string>
			<key>files</key>
			<array>
				<string>4D1DF7151A5C1ED800283CD7</string>
				<string>4D2640E019FD3C8F00CB4A7F</string>
				<string>4D1D42301A640EA100262EB2</string>
				<string>4D2640FF19FD4DF100CB4A7F</string>
				<string>4D1B630B1A63E5B00071CFD0</string>
				<string>4D5A8D431A3C1B14002B69A6</string>
				<string>4D1D422B1A640AD100262EB2</string>
				<string>4D426D841A63D88E002B793E</string>
				<string>4D1B63121A63F0130071CFD0</string>
				<string>4DC4E5541A3D807C00838A7A</string>
				<string>4D682B9C19FE96E0003116FC</string>
				<string>4DB06A801A3D8D1900B22B76</string>
				<string>4D94730E1A64261100B47E66</string>
				<string>4D2640DE19FD3C8F00CB4A7F</string>
				<string>4D5664291A3F2EB600A488A0</string>
			</array>
			<key>isa</key>
			<string>PBXSourcesBuildPhase</string>
			<key>runOnlyForDeploymentPostprocessing</key>
			<string>0</string>
		</dict>
		<key>4D2640D519FD3C8F00CB4A7F</key>
		<dict>
			<key>buildActionMask</key>
			<string>2147483647</string>
			<key>files</key>
			<array>
				<string>4D5A8D3D1A3C11A5002B69A6</string>
				<string>666F94AF95F7F04B0DBB7112</string>
				<string>074612EBE5A8389BF5AD51FE</string>
			</array>
			<key>isa</key>
			<string>PBXFrameworksBuildPhase</string>
			<key>runOnlyForDeploymentPostprocessing</key>
			<string>0</string>
		</dict>
		<key>4D2640D619FD3C8F00CB4A7F</key>
		<dict>
			<key>buildActionMask</key>
			<string>2147483647</string>
			<key>files</key>
			<array>
				<string>4D1B63051A63E2460071CFD0</string>
				<string>4D1B63061A63E2460071CFD0</string>
				<string>4D2640E519FD3C8F00CB4A7F</string>
				<string>4D1B63101A63EF680071CFD0</string>
				<string>4D1D422D1A640BF000262EB2</string>
				<string>4D426D861A63D929002B793E</string>
				<string>4D1B630E1A63ECF90071CFD0</string>
			</array>
			<key>isa</key>
			<string>PBXResourcesBuildPhase</string>
			<key>runOnlyForDeploymentPostprocessing</key>
			<string>0</string>
		</dict>
		<key>4D2640D719FD3C8F00CB4A7F</key>
		<dict>
			<key>buildConfigurationList</key>
			<string>4D2640F719FD3C8F00CB4A7F</string>
			<key>buildPhases</key>
			<array>
				<string>C58E47B9CDD6F56EAD1B1240</string>
				<string>4D2640D419FD3C8F00CB4A7F</string>
				<string>4D2640D519FD3C8F00CB4A7F</string>
				<string>4D2640D619FD3C8F00CB4A7F</string>
				<string>A6195DECD54B20CB8B2E2256</string>
				<string>C5F0509D880710E71CDC60A5</string>
			</array>
			<key>buildRules</key>
			<array/>
			<key>dependencies</key>
			<array>
				<string>4D5A8D3F1A3C11B3002B69A6</string>
			</array>
			<key>isa</key>
			<string>PBXNativeTarget</string>
			<key>name</key>
			<string>SimpleForm</string>
			<key>productName</key>
			<string>SimpleForm</string>
			<key>productReference</key>
			<string>4D2640D819FD3C8F00CB4A7F</string>
			<key>productType</key>
			<string>com.apple.product-type.application</string>
		</dict>
		<key>4D2640D819FD3C8F00CB4A7F</key>
		<dict>
			<key>explicitFileType</key>
			<string>wrapper.application</string>
			<key>includeInIndex</key>
			<string>0</string>
			<key>isa</key>
			<string>PBXFileReference</string>
			<key>path</key>
			<string>SimpleForm.app</string>
			<key>sourceTree</key>
			<string>BUILT_PRODUCTS_DIR</string>
		</dict>
		<key>4D2640D919FD3C8F00CB4A7F</key>
		<dict>
			<key>children</key>
			<array>
				<string>4D2640D819FD3C8F00CB4A7F</string>
				<string>4D2640ED19FD3C8F00CB4A7F</string>
			</array>
			<key>isa</key>
			<string>PBXGroup</string>
			<key>name</key>
			<string>Products</string>
			<key>sourceTree</key>
			<string>&lt;group&gt;</string>
		</dict>
		<key>4D2640DA19FD3C8F00CB4A7F</key>
		<dict>
			<key>children</key>
			<array>
				<string>4D2640DB19FD3C8F00CB4A7F</string>
				<string>4D2921AD19FFD86A00B82310</string>
				<string>4D2640FD19FD4DDC00CB4A7F</string>
				<string>4DC4E5511A3D805C00838A7A</string>
				<string>4D2640DD19FD3C8F00CB4A7F</string>
			</array>
			<key>isa</key>
			<string>PBXGroup</string>
			<key>path</key>
			<string>Sources</string>
			<key>sourceTree</key>
			<string>&lt;group&gt;</string>
		</dict>
		<key>4D2640DB19FD3C8F00CB4A7F</key>
		<dict>
			<key>children</key>
			<array>
				<string>4D2640DC19FD3C8F00CB4A7F</string>
			</array>
			<key>isa</key>
			<string>PBXGroup</string>
			<key>path</key>
			<string>conf</string>
			<key>sourceTree</key>
			<string>&lt;group&gt;</string>
		</dict>
		<key>4D2640DC19FD3C8F00CB4A7F</key>
		<dict>
			<key>isa</key>
			<string>PBXFileReference</string>
			<key>lastKnownFileType</key>
			<string>text.plist.xml</string>
			<key>path</key>
			<string>Info.plist</string>
			<key>sourceTree</key>
			<string>&lt;group&gt;</string>
		</dict>
		<key>4D2640DD19FD3C8F00CB4A7F</key>
		<dict>
			<key>isa</key>
			<string>PBXFileReference</string>
			<key>lastKnownFileType</key>
			<string>sourcecode.swift</string>
			<key>path</key>
			<string>AppDelegate.swift</string>
			<key>sourceTree</key>
			<string>&lt;group&gt;</string>
		</dict>
		<key>4D2640DE19FD3C8F00CB4A7F</key>
		<dict>
			<key>fileRef</key>
			<string>4D2640DD19FD3C8F00CB4A7F</string>
			<key>isa</key>
			<string>PBXBuildFile</string>
		</dict>
		<key>4D2640DF19FD3C8F00CB4A7F</key>
		<dict>
			<key>isa</key>
			<string>PBXFileReference</string>
			<key>lastKnownFileType</key>
			<string>sourcecode.swift</string>
			<key>path</key>
			<string>ViewController.swift</string>
			<key>sourceTree</key>
			<string>&lt;group&gt;</string>
		</dict>
		<key>4D2640E019FD3C8F00CB4A7F</key>
		<dict>
			<key>fileRef</key>
			<string>4D2640DF19FD3C8F00CB4A7F</string>
			<key>isa</key>
			<string>PBXBuildFile</string>
		</dict>
		<key>4D2640E419FD3C8F00CB4A7F</key>
		<dict>
			<key>isa</key>
			<string>PBXFileReference</string>
			<key>lastKnownFileType</key>
			<string>folder.assetcatalog</string>
			<key>path</key>
			<string>Images.xcassets</string>
			<key>sourceTree</key>
			<string>&lt;group&gt;</string>
		</dict>
		<key>4D2640E519FD3C8F00CB4A7F</key>
		<dict>
			<key>fileRef</key>
			<string>4D2640E419FD3C8F00CB4A7F</string>
			<key>isa</key>
			<string>PBXBuildFile</string>
		</dict>
		<key>4D2640E919FD3C8F00CB4A7F</key>
		<dict>
			<key>buildActionMask</key>
			<string>2147483647</string>
			<key>files</key>
			<array>
				<string>4D2640F419FD3C8F00CB4A7F</string>
			</array>
			<key>isa</key>
			<string>PBXSourcesBuildPhase</string>
			<key>runOnlyForDeploymentPostprocessing</key>
			<string>0</string>
		</dict>
		<key>4D2640EA19FD3C8F00CB4A7F</key>
		<dict>
			<key>buildActionMask</key>
			<string>2147483647</string>
			<key>files</key>
			<array/>
			<key>isa</key>
			<string>PBXFrameworksBuildPhase</string>
			<key>runOnlyForDeploymentPostprocessing</key>
			<string>0</string>
		</dict>
		<key>4D2640EB19FD3C8F00CB4A7F</key>
		<dict>
			<key>buildActionMask</key>
			<string>2147483647</string>
			<key>files</key>
			<array/>
			<key>isa</key>
			<string>PBXResourcesBuildPhase</string>
			<key>runOnlyForDeploymentPostprocessing</key>
			<string>0</string>
		</dict>
		<key>4D2640EC19FD3C8F00CB4A7F</key>
		<dict>
			<key>buildConfigurationList</key>
			<string>4D2640FA19FD3C8F00CB4A7F</string>
			<key>buildPhases</key>
			<array>
				<string>4D2640E919FD3C8F00CB4A7F</string>
				<string>4D2640EA19FD3C8F00CB4A7F</string>
				<string>4D2640EB19FD3C8F00CB4A7F</string>
			</array>
			<key>buildRules</key>
			<array/>
			<key>dependencies</key>
			<array>
				<string>4D2640EF19FD3C8F00CB4A7F</string>
			</array>
			<key>isa</key>
			<string>PBXNativeTarget</string>
			<key>name</key>
			<string>SimpleFormTests</string>
			<key>productName</key>
			<string>SimpleFormTests</string>
			<key>productReference</key>
			<string>4D2640ED19FD3C8F00CB4A7F</string>
			<key>productType</key>
			<string>com.apple.product-type.bundle.unit-test</string>
		</dict>
		<key>4D2640ED19FD3C8F00CB4A7F</key>
		<dict>
			<key>explicitFileType</key>
			<string>wrapper.cfbundle</string>
			<key>includeInIndex</key>
			<string>0</string>
			<key>isa</key>
			<string>PBXFileReference</string>
			<key>path</key>
			<string>SimpleFormTests.xctest</string>
			<key>sourceTree</key>
			<string>BUILT_PRODUCTS_DIR</string>
		</dict>
		<key>4D2640EE19FD3C8F00CB4A7F</key>
		<dict>
			<key>containerPortal</key>
			<string>4D2640D019FD3C8F00CB4A7F</string>
			<key>isa</key>
			<string>PBXContainerItemProxy</string>
			<key>proxyType</key>
			<string>1</string>
			<key>remoteGlobalIDString</key>
			<string>4D2640D719FD3C8F00CB4A7F</string>
			<key>remoteInfo</key>
			<string>SimpleForm</string>
		</dict>
		<key>4D2640EF19FD3C8F00CB4A7F</key>
		<dict>
			<key>isa</key>
			<string>PBXTargetDependency</string>
			<key>target</key>
			<string>4D2640D719FD3C8F00CB4A7F</string>
			<key>targetProxy</key>
			<string>4D2640EE19FD3C8F00CB4A7F</string>
		</dict>
		<key>4D2640F019FD3C8F00CB4A7F</key>
		<dict>
			<key>children</key>
			<array>
				<string>4D2640F319FD3C8F00CB4A7F</string>
				<string>4D2640F119FD3C8F00CB4A7F</string>
			</array>
			<key>isa</key>
			<string>PBXGroup</string>
			<key>path</key>
			<string>Tests</string>
			<key>sourceTree</key>
			<string>&lt;group&gt;</string>
		</dict>
		<key>4D2640F119FD3C8F00CB4A7F</key>
		<dict>
			<key>children</key>
			<array>
				<string>4D2640F219FD3C8F00CB4A7F</string>
			</array>
			<key>isa</key>
			<string>PBXGroup</string>
			<key>path</key>
			<string>Supporting Files</string>
			<key>sourceTree</key>
			<string>&lt;group&gt;</string>
		</dict>
		<key>4D2640F219FD3C8F00CB4A7F</key>
		<dict>
			<key>isa</key>
			<string>PBXFileReference</string>
			<key>lastKnownFileType</key>
			<string>text.plist.xml</string>
			<key>path</key>
			<string>Info.plist</string>
			<key>sourceTree</key>
			<string>&lt;group&gt;</string>
		</dict>
		<key>4D2640F319FD3C8F00CB4A7F</key>
		<dict>
			<key>isa</key>
			<string>PBXFileReference</string>
			<key>lastKnownFileType</key>
			<string>sourcecode.swift</string>
			<key>path</key>
			<string>SimpleFormTests.swift</string>
			<key>sourceTree</key>
			<string>&lt;group&gt;</string>
		</dict>
		<key>4D2640F419FD3C8F00CB4A7F</key>
		<dict>
			<key>fileRef</key>
			<string>4D2640F319FD3C8F00CB4A7F</string>
			<key>isa</key>
			<string>PBXBuildFile</string>
		</dict>
		<key>4D2640F519FD3C8F00CB4A7F</key>
		<dict>
			<key>buildSettings</key>
			<dict>
				<key>ALWAYS_SEARCH_USER_PATHS</key>
				<string>NO</string>
				<key>CLANG_CXX_LANGUAGE_STANDARD</key>
				<string>gnu++0x</string>
				<key>CLANG_CXX_LIBRARY</key>
				<string>libc++</string>
				<key>CLANG_ENABLE_MODULES</key>
				<string>YES</string>
				<key>CLANG_ENABLE_OBJC_ARC</key>
				<string>YES</string>
				<key>CLANG_WARN_BOOL_CONVERSION</key>
				<string>YES</string>
				<key>CLANG_WARN_CONSTANT_CONVERSION</key>
				<string>YES</string>
				<key>CLANG_WARN_DIRECT_OBJC_ISA_USAGE</key>
				<string>YES_ERROR</string>
				<key>CLANG_WARN_EMPTY_BODY</key>
				<string>YES</string>
				<key>CLANG_WARN_ENUM_CONVERSION</key>
				<string>YES</string>
				<key>CLANG_WARN_INT_CONVERSION</key>
				<string>YES</string>
				<key>CLANG_WARN_OBJC_ROOT_CLASS</key>
				<string>YES_ERROR</string>
				<key>CLANG_WARN_UNREACHABLE_CODE</key>
				<string>YES</string>
				<key>CLANG_WARN__DUPLICATE_METHOD_MATCH</key>
				<string>YES</string>
				<key>CODE_SIGN_IDENTITY[sdk=iphoneos*]</key>
				<string>iPhone Developer</string>
				<key>COPY_PHASE_STRIP</key>
				<string>NO</string>
				<key>ENABLE_STRICT_OBJC_MSGSEND</key>
				<string>YES</string>
				<key>GCC_C_LANGUAGE_STANDARD</key>
				<string>gnu99</string>
				<key>GCC_DYNAMIC_NO_PIC</key>
				<string>NO</string>
				<key>GCC_OPTIMIZATION_LEVEL</key>
				<string>0</string>
				<key>GCC_PREPROCESSOR_DEFINITIONS</key>
				<array>
					<string>DEBUG=1</string>
					<string>$(inherited)</string>
				</array>
				<key>GCC_SYMBOLS_PRIVATE_EXTERN</key>
				<string>NO</string>
				<key>GCC_WARN_64_TO_32_BIT_CONVERSION</key>
				<string>YES</string>
				<key>GCC_WARN_ABOUT_RETURN_TYPE</key>
				<string>YES_ERROR</string>
				<key>GCC_WARN_UNDECLARED_SELECTOR</key>
				<string>YES</string>
				<key>GCC_WARN_UNINITIALIZED_AUTOS</key>
				<string>YES_AGGRESSIVE</string>
				<key>GCC_WARN_UNUSED_FUNCTION</key>
				<string>YES</string>
				<key>GCC_WARN_UNUSED_VARIABLE</key>
				<string>YES</string>
				<key>IPHONEOS_DEPLOYMENT_TARGET</key>
				<string>8.1</string>
				<key>MTL_ENABLE_DEBUG_INFO</key>
				<string>YES</string>
				<key>ONLY_ACTIVE_ARCH</key>
				<string>YES</string>
				<key>SDKROOT</key>
				<string>iphoneos</string>
				<key>SWIFT_OPTIMIZATION_LEVEL</key>
				<string>-Onone</string>
			</dict>
			<key>isa</key>
			<string>XCBuildConfiguration</string>
			<key>name</key>
			<string>Debug</string>
		</dict>
		<key>4D2640F619FD3C8F00CB4A7F</key>
		<dict>
			<key>buildSettings</key>
			<dict>
				<key>ALWAYS_SEARCH_USER_PATHS</key>
				<string>NO</string>
				<key>CLANG_CXX_LANGUAGE_STANDARD</key>
				<string>gnu++0x</string>
				<key>CLANG_CXX_LIBRARY</key>
				<string>libc++</string>
				<key>CLANG_ENABLE_MODULES</key>
				<string>YES</string>
				<key>CLANG_ENABLE_OBJC_ARC</key>
				<string>YES</string>
				<key>CLANG_WARN_BOOL_CONVERSION</key>
				<string>YES</string>
				<key>CLANG_WARN_CONSTANT_CONVERSION</key>
				<string>YES</string>
				<key>CLANG_WARN_DIRECT_OBJC_ISA_USAGE</key>
				<string>YES_ERROR</string>
				<key>CLANG_WARN_EMPTY_BODY</key>
				<string>YES</string>
				<key>CLANG_WARN_ENUM_CONVERSION</key>
				<string>YES</string>
				<key>CLANG_WARN_INT_CONVERSION</key>
				<string>YES</string>
				<key>CLANG_WARN_OBJC_ROOT_CLASS</key>
				<string>YES_ERROR</string>
				<key>CLANG_WARN_UNREACHABLE_CODE</key>
				<string>YES</string>
				<key>CLANG_WARN__DUPLICATE_METHOD_MATCH</key>
				<string>YES</string>
				<key>CODE_SIGN_IDENTITY[sdk=iphoneos*]</key>
				<string>iPhone Developer</string>
				<key>COPY_PHASE_STRIP</key>
				<string>YES</string>
				<key>ENABLE_NS_ASSERTIONS</key>
				<string>NO</string>
				<key>ENABLE_STRICT_OBJC_MSGSEND</key>
				<string>YES</string>
				<key>GCC_C_LANGUAGE_STANDARD</key>
				<string>gnu99</string>
				<key>GCC_WARN_64_TO_32_BIT_CONVERSION</key>
				<string>YES</string>
				<key>GCC_WARN_ABOUT_RETURN_TYPE</key>
				<string>YES_ERROR</string>
				<key>GCC_WARN_UNDECLARED_SELECTOR</key>
				<string>YES</string>
				<key>GCC_WARN_UNINITIALIZED_AUTOS</key>
				<string>YES_AGGRESSIVE</string>
				<key>GCC_WARN_UNUSED_FUNCTION</key>
				<string>YES</string>
				<key>GCC_WARN_UNUSED_VARIABLE</key>
				<string>YES</string>
				<key>IPHONEOS_DEPLOYMENT_TARGET</key>
				<string>8.1</string>
				<key>MTL_ENABLE_DEBUG_INFO</key>
				<string>NO</string>
				<key>SDKROOT</key>
				<string>iphoneos</string>
				<key>VALIDATE_PRODUCT</key>
				<string>YES</string>
			</dict>
			<key>isa</key>
			<string>XCBuildConfiguration</string>
			<key>name</key>
			<string>Release</string>
		</dict>
		<key>4D2640F719FD3C8F00CB4A7F</key>
		<dict>
			<key>buildConfigurations</key>
			<array>
				<string>4D2640F819FD3C8F00CB4A7F</string>
				<string>4D2640F919FD3C8F00CB4A7F</string>
			</array>
			<key>defaultConfigurationIsVisible</key>
			<string>0</string>
			<key>defaultConfigurationName</key>
			<string>Release</string>
			<key>isa</key>
			<string>XCConfigurationList</string>
		</dict>
		<key>4D2640F819FD3C8F00CB4A7F</key>
		<dict>
			<key>baseConfigurationReference</key>
			<string>FCA03AD26B1C63D6FE3F5434</string>
			<key>buildSettings</key>
			<dict>
				<key>ASSETCATALOG_COMPILER_APPICON_NAME</key>
				<string>AppIcon</string>
				<key>CLANG_ENABLE_MODULES</key>
				<string>YES</string>
				<key>INFOPLIST_FILE</key>
				<string>Sources/conf/Info.plist</string>
				<key>LD_RUNPATH_SEARCH_PATHS</key>
				<string>$(inherited) @executable_path/Frameworks</string>
				<key>PRODUCT_NAME</key>
				<string>$(TARGET_NAME)</string>
				<key>SWIFT_OBJC_BRIDGING_HEADER</key>
				<string>SimpleForm-Bridging-Header.h</string>
				<key>SWIFT_OPTIMIZATION_LEVEL</key>
				<string>-Onone</string>
			</dict>
			<key>isa</key>
			<string>XCBuildConfiguration</string>
			<key>name</key>
			<string>Debug</string>
		</dict>
		<key>4D2640F919FD3C8F00CB4A7F</key>
		<dict>
			<key>baseConfigurationReference</key>
			<string>85FEB4C0874ADA8A532D58DE</string>
			<key>buildSettings</key>
			<dict>
				<key>ASSETCATALOG_COMPILER_APPICON_NAME</key>
				<string>AppIcon</string>
				<key>CLANG_ENABLE_MODULES</key>
				<string>YES</string>
				<key>INFOPLIST_FILE</key>
				<string>Sources/conf/Info.plist</string>
				<key>LD_RUNPATH_SEARCH_PATHS</key>
				<string>$(inherited) @executable_path/Frameworks</string>
				<key>PRODUCT_NAME</key>
				<string>$(TARGET_NAME)</string>
				<key>SWIFT_OBJC_BRIDGING_HEADER</key>
				<string>SimpleForm-Bridging-Header.h</string>
			</dict>
			<key>isa</key>
			<string>XCBuildConfiguration</string>
			<key>name</key>
			<string>Release</string>
		</dict>
		<key>4D2640FA19FD3C8F00CB4A7F</key>
		<dict>
			<key>buildConfigurations</key>
			<array>
				<string>4D2640FB19FD3C8F00CB4A7F</string>
				<string>4D2640FC19FD3C8F00CB4A7F</string>
			</array>
			<key>defaultConfigurationIsVisible</key>
			<string>0</string>
			<key>defaultConfigurationName</key>
			<string>Release</string>
			<key>isa</key>
			<string>XCConfigurationList</string>
		</dict>
		<key>4D2640FB19FD3C8F00CB4A7F</key>
		<dict>
			<key>buildSettings</key>
			<dict>
				<key>BUNDLE_LOADER</key>
				<string>$(TEST_HOST)</string>
				<key>FRAMEWORK_SEARCH_PATHS</key>
				<array>
					<string>$(SDKROOT)/Developer/Library/Frameworks</string>
					<string>$(inherited)</string>
				</array>
				<key>GCC_PREPROCESSOR_DEFINITIONS</key>
				<array>
					<string>DEBUG=1</string>
					<string>$(inherited)</string>
				</array>
				<key>INFOPLIST_FILE</key>
				<string>Tests/Supporting Files/Info.plist</string>
				<key>LD_RUNPATH_SEARCH_PATHS</key>
				<string>$(inherited) @executable_path/Frameworks @loader_path/Frameworks</string>
				<key>PRODUCT_NAME</key>
				<string>$(TARGET_NAME)</string>
				<key>TEST_HOST</key>
				<string>$(BUILT_PRODUCTS_DIR)/SimpleForm.app/SimpleForm</string>
			</dict>
			<key>isa</key>
			<string>XCBuildConfiguration</string>
			<key>name</key>
			<string>Debug</string>
		</dict>
		<key>4D2640FC19FD3C8F00CB4A7F</key>
		<dict>
			<key>buildSettings</key>
			<dict>
				<key>BUNDLE_LOADER</key>
				<string>$(TEST_HOST)</string>
				<key>FRAMEWORK_SEARCH_PATHS</key>
				<array>
					<string>$(SDKROOT)/Developer/Library/Frameworks</string>
					<string>$(inherited)</string>
				</array>
				<key>INFOPLIST_FILE</key>
				<string>Tests/Supporting Files/Info.plist</string>
				<key>LD_RUNPATH_SEARCH_PATHS</key>
				<string>$(inherited) @executable_path/Frameworks @loader_path/Frameworks</string>
				<key>PRODUCT_NAME</key>
				<string>$(TARGET_NAME)</string>
				<key>TEST_HOST</key>
				<string>$(BUILT_PRODUCTS_DIR)/SimpleForm.app/SimpleForm</string>
			</dict>
			<key>isa</key>
			<string>XCBuildConfiguration</string>
			<key>name</key>
			<string>Release</string>
		</dict>
		<key>4D2640FD19FD4DDC00CB4A7F</key>
		<dict>
			<key>children</key>
			<array>
				<string>4D426D871A63D936002B793E</string>
				<string>4D682B9D19FE9E80003116FC</string>
				<string>4D1B63031A63E2460071CFD0</string>
				<string>4D1B63041A63E2460071CFD0</string>
				<string>4D2640E419FD3C8F00CB4A7F</string>
			</array>
			<key>isa</key>
			<string>PBXGroup</string>
			<key>path</key>
			<string>view</string>
			<key>sourceTree</key>
			<string>&lt;group&gt;</string>
		</dict>
		<key>4D2640FE19FD4DF100CB4A7F</key>
		<dict>
			<key>fileEncoding</key>
			<string>4</string>
			<key>isa</key>
			<string>PBXFileReference</string>
			<key>lastKnownFileType</key>
			<string>sourcecode.swift</string>
			<key>path</key>
			<string>TextFieldContainer.swift</string>
			<key>sourceTree</key>
			<string>&lt;group&gt;</string>
		</dict>
		<key>4D2640FF19FD4DF100CB4A7F</key>
		<dict>
			<key>fileRef</key>
			<string>4D2640FE19FD4DF100CB4A7F</string>
			<key>isa</key>
			<string>PBXBuildFile</string>
		</dict>
		<key>4D2921AD19FFD86A00B82310</key>
		<dict>
			<key>children</key>
			<array>
				<string>4D1D422E1A640E4E00262EB2</string>
				<string>4D426D881A63D95F002B793E</string>
				<string>4DB06A7E1A3D8CE700B22B76</string>
				<string>4D2640DF19FD3C8F00CB4A7F</string>
				<string>4DB06A7F1A3D8D1900B22B76</string>
			</array>
			<key>isa</key>
			<string>PBXGroup</string>
			<key>path</key>
			<string>application</string>
			<key>sourceTree</key>
			<string>&lt;group&gt;</string>
		</dict>
		<key>4D426D831A63D88E002B793E</key>
		<dict>
			<key>fileEncoding</key>
			<string>4</string>
			<key>isa</key>
			<string>PBXFileReference</string>
			<key>lastKnownFileType</key>
			<string>sourcecode.swift</string>
			<key>path</key>
			<string>SettingTableViewController.swift</string>
			<key>sourceTree</key>
			<string>&lt;group&gt;</string>
		</dict>
		<key>4D426D841A63D88E002B793E</key>
		<dict>
			<key>fileRef</key>
			<string>4D426D831A63D88E002B793E</string>
			<key>isa</key>
			<string>PBXBuildFile</string>
		</dict>
		<key>4D426D851A63D929002B793E</key>
		<dict>
			<key>fileEncoding</key>
			<string>4</string>
			<key>isa</key>
			<string>PBXFileReference</string>
			<key>lastKnownFileType</key>
			<string>file.storyboard</string>
			<key>path</key>
			<string>Setting.storyboard</string>
			<key>sourceTree</key>
			<string>&lt;group&gt;</string>
		</dict>
		<key>4D426D861A63D929002B793E</key>
		<dict>
			<key>fileRef</key>
			<string>4D426D851A63D929002B793E</string>
			<key>isa</key>
			<string>PBXBuildFile</string>
		</dict>
		<key>4D426D871A63D936002B793E</key>
		<dict>
			<key>children</key>
			<array>
				<string>4D1B63081A63E4DB0071CFD0</string>
				<string>4D426D851A63D929002B793E</string>
			</array>
			<key>isa</key>
			<string>PBXGroup</string>
			<key>path</key>
			<string>setting</string>
			<key>sourceTree</key>
			<string>&lt;group&gt;</string>
		</dict>
		<key>4D426D881A63D95F002B793E</key>
		<dict>
			<key>children</key>
			<array>
				<string>4D6267701A63E1210036E2F3</string>
				<string>4D426D831A63D88E002B793E</string>
			</array>
			<key>isa</key>
			<string>PBXGroup</string>
			<key>path</key>
			<string>setting</string>
			<key>sourceTree</key>
			<string>&lt;group&gt;</string>
		</dict>
		<key>4D5664281A3F2EB600A488A0</key>
		<dict>
			<key>fileEncoding</key>
			<string>4</string>
			<key>isa</key>
			<string>PBXFileReference</string>
			<key>lastKnownFileType</key>
			<string>sourcecode.swift</string>
			<key>path</key>
			<string>Hud.swift</string>
			<key>sourceTree</key>
			<string>&lt;group&gt;</string>
		</dict>
		<key>4D5664291A3F2EB600A488A0</key>
		<dict>
			<key>fileRef</key>
			<string>4D5664281A3F2EB600A488A0</string>
			<key>isa</key>
			<string>PBXBuildFile</string>
		</dict>
		<key>4D5A8D341A3C1149002B69A6</key>
		<dict>
			<key>children</key>
			<array>
				<string>4D5A8D351A3C117C002B69A6</string>
			</array>
			<key>isa</key>
			<string>PBXGroup</string>
			<key>name</key>
			<string>Libraries</string>
			<key>sourceTree</key>
			<string>&lt;group&gt;</string>
		</dict>
		<key>4D5A8D351A3C117C002B69A6</key>
		<dict>
			<key>isa</key>
			<string>PBXFileReference</string>
			<key>lastKnownFileType</key>
			<string>wrapper.pb-project</string>
			<key>name</key>
			<string>EmitterKit.xcodeproj</string>
			<key>path</key>
			<string>../../../../src/github.com/aleclarson/emitter-kit/EmitterKit.xcodeproj</string>
			<key>sourceTree</key>
			<string>&lt;group&gt;</string>
		</dict>
		<key>4D5A8D361A3C117C002B69A6</key>
		<dict>
			<key>children</key>
			<array>
				<string>4D5A8D3C1A3C117C002B69A6</string>
			</array>
			<key>isa</key>
			<string>PBXGroup</string>
			<key>name</key>
			<string>Products</string>
			<key>sourceTree</key>
			<string>&lt;group&gt;</string>
		</dict>
		<key>4D5A8D3B1A3C117C002B69A6</key>
		<dict>
			<key>containerPortal</key>
			<string>4D5A8D351A3C117C002B69A6</string>
			<key>isa</key>
			<string>PBXContainerItemProxy</string>
			<key>proxyType</key>
			<string>2</string>
			<key>remoteGlobalIDString</key>
			<string>1102850D19C9BCEB0069F253</string>
			<key>remoteInfo</key>
			<string>EmitterKit</string>
		</dict>
		<key>4D5A8D3C1A3C117C002B69A6</key>
		<dict>
			<key>fileType</key>
			<string>wrapper.framework</string>
			<key>isa</key>
			<string>PBXReferenceProxy</string>
			<key>path</key>
			<string>EmitterKit.framework</string>
			<key>remoteRef</key>
			<string>4D5A8D3B1A3C117C002B69A6</string>
			<key>sourceTree</key>
			<string>BUILT_PRODUCTS_DIR</string>
		</dict>
		<key>4D5A8D3D1A3C11A5002B69A6</key>
		<dict>
			<key>fileRef</key>
			<string>4D5A8D3C1A3C117C002B69A6</string>
			<key>isa</key>
			<string>PBXBuildFile</string>
		</dict>
		<key>4D5A8D3E1A3C11B3002B69A6</key>
		<dict>
			<key>containerPortal</key>
			<string>4D5A8D351A3C117C002B69A6</string>
			<key>isa</key>
			<string>PBXContainerItemProxy</string>
			<key>proxyType</key>
			<string>1</string>
			<key>remoteGlobalIDString</key>
			<string>1102850C19C9BCEB0069F253</string>
			<key>remoteInfo</key>
			<string>EmitterKit</string>
		</dict>
		<key>4D5A8D3F1A3C11B3002B69A6</key>
		<dict>
			<key>isa</key>
			<string>PBXTargetDependency</string>
			<key>name</key>
			<string>EmitterKit</string>
			<key>targetProxy</key>
			<string>4D5A8D3E1A3C11B3002B69A6</string>
		</dict>
		<key>4D5A8D421A3C1B14002B69A6</key>
		<dict>
			<key>fileEncoding</key>
			<string>4</string>
			<key>isa</key>
			<string>PBXFileReference</string>
			<key>lastKnownFileType</key>
			<string>sourcecode.swift</string>
			<key>path</key>
			<string>SigninButtonViewController.swift</string>
			<key>sourceTree</key>
			<string>&lt;group&gt;</string>
		</dict>
		<key>4D5A8D431A3C1B14002B69A6</key>
		<dict>
			<key>fileRef</key>
			<string>4D5A8D421A3C1B14002B69A6</string>
			<key>isa</key>
			<string>PBXBuildFile</string>
		</dict>
		<key>4D6267701A63E1210036E2F3</key>
		<dict>
			<key>children</key>
			<array>
				<string>4D1B63091A63E5B00071CFD0</string>
				<string>4D1B63111A63F0130071CFD0</string>
				<string>4D1D422A1A640AD100262EB2</string>
				<string>4D94730D1A64261100B47E66</string>
			</array>
			<key>isa</key>
			<string>PBXGroup</string>
			<key>path</key>
			<string>form</string>
			<key>sourceTree</key>
			<string>&lt;group&gt;</string>
		</dict>
		<key>4D682B9B19FE96E0003116FC</key>
		<dict>
			<key>fileEncoding</key>
			<string>4</string>
			<key>isa</key>
			<string>PBXFileReference</string>
			<key>lastKnownFileType</key>
			<string>sourcecode.swift</string>
			<key>path</key>
			<string>BorderedButton.swift</string>
			<key>sourceTree</key>
			<string>&lt;group&gt;</string>
		</dict>
		<key>4D682B9C19FE96E0003116FC</key>
		<dict>
			<key>fileRef</key>
			<string>4D682B9B19FE96E0003116FC</string>
			<key>isa</key>
			<string>PBXBuildFile</string>
		</dict>
		<key>4D682B9D19FE9E80003116FC</key>
		<dict>
			<key>children</key>
			<array>
				<string>4D2640FE19FD4DF100CB4A7F</string>
				<string>4D682B9B19FE96E0003116FC</string>
			</array>
			<key>isa</key>
			<string>PBXGroup</string>
			<key>path</key>
			<string>sub</string>
			<key>sourceTree</key>
			<string>&lt;group&gt;</string>
		</dict>
		<key>4D94730D1A64261100B47E66</key>
		<dict>
			<key>fileEncoding</key>
			<string>4</string>
			<key>isa</key>
			<string>PBXFileReference</string>
			<key>lastKnownFileType</key>
			<string>sourcecode.swift</string>
			<key>path</key>
			<string>SettingContext.swift</string>
			<key>sourceTree</key>
			<string>&lt;group&gt;</string>
		</dict>
		<key>4D94730E1A64261100B47E66</key>
		<dict>
			<key>fileRef</key>
			<string>4D94730D1A64261100B47E66</string>
			<key>isa</key>
			<string>PBXBuildFile</string>
		</dict>
		<key>4DB06A7E1A3D8CE700B22B76</key>
		<dict>
			<key>children</key>
			<array>
				<string>4D5A8D421A3C1B14002B69A6</string>
			</array>
			<key>isa</key>
			<string>PBXGroup</string>
			<key>path</key>
			<string>sub</string>
			<key>sourceTree</key>
			<string>&lt;group&gt;</string>
		</dict>
		<key>4DB06A7F1A3D8D1900B22B76</key>
		<dict>
			<key>fileEncoding</key>
			<string>4</string>
			<key>isa</key>
			<string>PBXFileReference</string>
			<key>lastKnownFileType</key>
			<string>sourcecode.swift</string>
			<key>path</key>
			<string>ConfirmViewController.swift</string>
			<key>sourceTree</key>
			<string>&lt;group&gt;</string>
		</dict>
		<key>4DB06A801A3D8D1900B22B76</key>
		<dict>
			<key>fileRef</key>
			<string>4DB06A7F1A3D8D1900B22B76</string>
			<key>isa</key>
			<string>PBXBuildFile</string>
		</dict>
		<key>4DC4E5511A3D805C00838A7A</key>
		<dict>
			<key>children</key>
			<array>
				<string>4DC4E5521A3D806B00838A7A</string>
			</array>
			<key>isa</key>
			<string>PBXGroup</string>
			<key>path</key>
			<string>infrastructure</string>
			<key>sourceTree</key>
			<string>&lt;group&gt;</string>
		</dict>
		<key>4DC4E5521A3D806B00838A7A</key>
		<dict>
			<key>children</key>
			<array>
				<string>4DC4E5531A3D807C00838A7A</string>
				<string>4D5664281A3F2EB600A488A0</string>
				<string>4D1DF7141A5C1ED800283CD7</string>
			</array>
			<key>isa</key>
			<string>PBXGroup</string>
			<key>path</key>
			<string>utils</string>
			<key>sourceTree</key>
			<string>&lt;group&gt;</string>
		</dict>
		<key>4DC4E5531A3D807C00838A7A</key>
		<dict>
			<key>fileEncoding</key>
			<string>4</string>
			<key>isa</key>
			<string>PBXFileReference</string>
			<key>lastKnownFileType</key>
			<string>sourcecode.swift</string>
			<key>path</key>
			<string>Dialog.swift</string>
			<key>sourceTree</key>
			<string>&lt;group&gt;</string>
		</dict>
		<key>4DC4E5541A3D807C00838A7A</key>
		<dict>
			<key>fileRef</key>
			<string>4DC4E5531A3D807C00838A7A</string>
			<key>isa</key>
			<string>PBXBuildFile</string>
		</dict>
		<key>4DF1E7C31A641C36001A0AD5</key>
		<dict>
			<key>isa</key>
			<string>PBXFileReference</string>
			<key>lastKnownFileType</key>
			<string>sourcecode.c.h</string>
			<key>path</key>
			<string>SimpleForm-Bridging-Header.h</string>
			<key>sourceTree</key>
			<string>&lt;group&gt;</string>
		</dict>
		<key>666F94AF95F7F04B0DBB7112</key>
		<dict>
			<key>fileRef</key>
			<string>E292A9C9EDBAD67324A6C431</string>
			<key>isa</key>
			<string>PBXBuildFile</string>
			<key>settings</key>
			<dict>
				<key>ATTRIBUTES</key>
				<array>
					<string>Weak</string>
				</array>
			</dict>
		</dict>
		<key>85FEB4C0874ADA8A532D58DE</key>
		<dict>
			<key>includeInIndex</key>
			<string>1</string>
			<key>isa</key>
			<string>PBXFileReference</string>
			<key>lastKnownFileType</key>
			<string>text.xcconfig</string>
			<key>name</key>
			<string>Pods.release.xcconfig</string>
			<key>path</key>
			<string>Pods/Target Support Files/Pods/Pods.release.xcconfig</string>
			<key>sourceTree</key>
			<string>&lt;group&gt;</string>
		</dict>
		<key>A6195DECD54B20CB8B2E2256</key>
		<dict>
			<key>buildActionMask</key>
			<string>2147483647</string>
			<key>files</key>
			<array/>
			<key>inputPaths</key>
			<array/>
			<key>isa</key>
			<string>PBXShellScriptBuildPhase</string>
			<key>name</key>
			<string>Copy Pods Resources</string>
			<key>outputPaths</key>
			<array/>
			<key>runOnlyForDeploymentPostprocessing</key>
			<string>0</string>
			<key>shellPath</key>
			<string>/bin/sh</string>
			<key>shellScript</key>
			<string>"${SRCROOT}/Pods/Target Support Files/Pods/Pods-resources.sh"
</string>
			<key>showEnvVarsInLog</key>
			<string>0</string>
		</dict>
		<key>B7137B7817935AD812B3724D</key>
		<dict>
			<key>children</key>
			<array>
				<string>E292A9C9EDBAD67324A6C431</string>
				<string>ED5A5FE3E45A6F5551477B80</string>
			</array>
			<key>isa</key>
			<string>PBXGroup</string>
			<key>name</key>
			<string>Frameworks</string>
			<key>sourceTree</key>
			<string>&lt;group&gt;</string>
		</dict>
		<key>C58E47B9CDD6F56EAD1B1240</key>
		<dict>
			<key>buildActionMask</key>
			<string>2147483647</string>
			<key>files</key>
			<array/>
			<key>inputPaths</key>
			<array/>
			<key>isa</key>
			<string>PBXShellScriptBuildPhase</string>
			<key>name</key>
			<string>Check Pods Manifest.lock</string>
			<key>outputPaths</key>
			<array/>
			<key>runOnlyForDeploymentPostprocessing</key>
			<string>0</string>
			<key>shellPath</key>
			<string>/bin/sh</string>
			<key>shellScript</key>
			<string>diff "${PODS_ROOT}/../Podfile.lock" "${PODS_ROOT}/Manifest.lock" &gt; /dev/null
if [[ $? != 0 ]] ; then
    cat &lt;&lt; EOM
error: The sandbox is not in sync with the Podfile.lock. Run 'pod install' or update your CocoaPods installation.
EOM
    exit 1
fi
</string>
			<key>showEnvVarsInLog</key>
			<string>0</string>
		</dict>
		<key>C5F0509D880710E71CDC60A5</key>
		<dict>
			<key>buildActionMask</key>
			<string>2147483647</string>
			<key>files</key>
			<array/>
			<key>inputPaths</key>
			<array/>
			<key>isa</key>
			<string>PBXShellScriptBuildPhase</string>
			<key>name</key>
			<string>Embed Pods Frameworks</string>
			<key>outputPaths</key>
			<array/>
			<key>runOnlyForDeploymentPostprocessing</key>
			<string>0</string>
			<key>shellPath</key>
			<string>/bin/sh</string>
			<key>shellScript</key>
			<string>"${SRCROOT}/Pods/Target Support Files/Pods/Pods-frameworks.sh"
</string>
			<key>showEnvVarsInLog</key>
			<string>0</string>
		</dict>
		<key>E292A9C9EDBAD67324A6C431</key>
		<dict>
			<key>explicitFileType</key>
			<string>wrapper.framework</string>
			<key>includeInIndex</key>
			<string>0</string>
			<key>isa</key>
			<string>PBXFileReference</string>
			<key>path</key>
			<string>Pods.framework</string>
			<key>sourceTree</key>
			<string>BUILT_PRODUCTS_DIR</string>
		</dict>
		<key>ED5A5FE3E45A6F5551477B80</key>
		<dict>
			<key>explicitFileType</key>
			<string>archive.ar</string>
			<key>includeInIndex</key>
			<string>0</string>
			<key>isa</key>
			<string>PBXFileReference</string>
			<key>path</key>
			<string>libPods.a</string>
			<key>sourceTree</key>
			<string>BUILT_PRODUCTS_DIR</string>
		</dict>
		<key>FCA03AD26B1C63D6FE3F5434</key>
		<dict>
			<key>includeInIndex</key>
			<string>1</string>
			<key>isa</key>
			<string>PBXFileReference</string>
			<key>lastKnownFileType</key>
			<string>text.xcconfig</string>
			<key>name</key>
			<string>Pods.debug.xcconfig</string>
			<key>path</key>
			<string>Pods/Target Support Files/Pods/Pods.debug.xcconfig</string>
			<key>sourceTree</key>
			<string>&lt;group&gt;</string>
		</dict>
	</dict>
	<key>rootObject</key>
	<string>4D2640D019FD3C8F00CB4A7F</string>
</dict>
</plist>
